// !$*UTF8*$!
{
	archiveVersion = 1;
	classes = {
	};
	objectVersion = 46;
	objects = {

/* Begin PBXBuildFile section */
		69C7FC1F1C913C49004ABDB9 /* main.m in Sources */ = {isa = PBXBuildFile; fileRef = 69C7FC1E1C913C49004ABDB9 /* main.m */; };
		69C7FC221C913C49004ABDB9 /* AppDelegate.m in Sources */ = {isa = PBXBuildFile; fileRef = 69C7FC211C913C49004ABDB9 /* AppDelegate.m */; };
		69C7FC281C913C49004ABDB9 /* Main.storyboard in Resources */ = {isa = PBXBuildFile; fileRef = 69C7FC261C913C49004ABDB9 /* Main.storyboard */; };
		69C7FC2A1C913C49004ABDB9 /* Assets.xcassets in Resources */ = {isa = PBXBuildFile; fileRef = 69C7FC291C913C49004ABDB9 /* Assets.xcassets */; };
		69C7FC2D1C913C49004ABDB9 /* LaunchScreen.storyboard in Resources */ = {isa = PBXBuildFile; fileRef = 69C7FC2B1C913C49004ABDB9 /* LaunchScreen.storyboard */; };
		69C7FC381C913C49004ABDB9 /* VCTransationDemoTests.m in Sources */ = {isa = PBXBuildFile; fileRef = 69C7FC371C913C49004ABDB9 /* VCTransationDemoTests.m */; };
		69C7FC431C913C49004ABDB9 /* VCTransationDemoUITests.m in Sources */ = {isa = PBXBuildFile; fileRef = 69C7FC421C913C49004ABDB9 /* VCTransationDemoUITests.m */; };
		69C7FC521C913C75004ABDB9 /* MainViewController.m in Sources */ = {isa = PBXBuildFile; fileRef = 69C7FC511C913C75004ABDB9 /* MainViewController.m */; };
		69C7FC551C913C8C004ABDB9 /* ModelViewController.m in Sources */ = {isa = PBXBuildFile; fileRef = 69C7FC541C913C8C004ABDB9 /* ModelViewController.m */; };
		69C7FC5A1C913F4B004ABDB9 /* BouncePresentAnimation.m in Sources */ = {isa = PBXBuildFile; fileRef = 69C7FC571C913F4B004ABDB9 /* BouncePresentAnimation.m */; };
		69C7FC5B1C913F4B004ABDB9 /* NormalDismissAnimation.m in Sources */ = {isa = PBXBuildFile; fileRef = 69C7FC591C913F4B004ABDB9 /* NormalDismissAnimation.m */; };
		69C7FC5D1C91403D004ABDB9 /* UIKit.framework in Frameworks */ = {isa = PBXBuildFile; fileRef = 69C7FC5C1C91403D004ABDB9 /* UIKit.framework */; };
/* End PBXBuildFile section */

/* Begin PBXContainerItemProxy section */
		69C7FC341C913C49004ABDB9 /* PBXContainerItemProxy */ = {
			isa = PBXContainerItemProxy;
			containerPortal = 69C7FC121C913C49004ABDB9 /* Project object */;
			proxyType = 1;
			remoteGlobalIDString = 69C7FC191C913C49004ABDB9;
			remoteInfo = VCTransationDemo;
		};
		69C7FC3F1C913C49004ABDB9 /* PBXContainerItemProxy */ = {
			isa = PBXContainerItemProxy;
			containerPortal = 69C7FC121C913C49004ABDB9 /* Project object */;
			proxyType = 1;
			remoteGlobalIDString = 69C7FC191C913C49004ABDB9;
			remoteInfo = VCTransationDemo;
		};
/* End PBXContainerItemProxy section */

/* Begin PBXFileReference section */
		69C7FC1A1C913C49004ABDB9 /* VCTransationDemo.app */ = {isa = PBXFileReference; explicitFileType = wrapper.application; includeInIndex = 0; path = VCTransationDemo.app; sourceTree = BUILT_PRODUCTS_DIR; };
		69C7FC1E1C913C49004ABDB9 /* main.m */ = {isa = PBXFileReference; lastKnownFileType = sourcecode.c.objc; path = main.m; sourceTree = "<group>"; };
		69C7FC201C913C49004ABDB9 /* AppDelegate.h */ = {isa = PBXFileReference; lastKnownFileType = sourcecode.c.h; path = AppDelegate.h; sourceTree = "<group>"; };
		69C7FC211C913C49004ABDB9 /* AppDelegate.m */ = {isa = PBXFileReference; lastKnownFileType = sourcecode.c.objc; path = AppDelegate.m; sourceTree = "<group>"; };
		69C7FC271C913C49004ABDB9 /* Base */ = {isa = PBXFileReference; lastKnownFileType = file.storyboard; name = Base; path = Base.lproj/Main.storyboard; sourceTree = "<group>"; };
		69C7FC291C913C49004ABDB9 /* Assets.xcassets */ = {isa = PBXFileReference; lastKnownFileType = folder.assetcatalog; path = Assets.xcassets; sourceTree = "<group>"; };
		69C7FC2C1C913C49004ABDB9 /* Base */ = {isa = PBXFileReference; lastKnownFileType = file.storyboard; name = Base; path = Base.lproj/LaunchScreen.storyboard; sourceTree = "<group>"; };
		69C7FC2E1C913C49004ABDB9 /* Info.plist */ = {isa = PBXFileReference; lastKnownFileType = text.plist.xml; path = Info.plist; sourceTree = "<group>"; };
		69C7FC331C913C49004ABDB9 /* VCTransationDemoTests.xctest */ = {isa = PBXFileReference; explicitFileType = wrapper.cfbundle; includeInIndex = 0; path = VCTransationDemoTests.xctest; sourceTree = BUILT_PRODUCTS_DIR; };
		69C7FC371C913C49004ABDB9 /* VCTransationDemoTests.m */ = {isa = PBXFileReference; lastKnownFileType = sourcecode.c.objc; path = VCTransationDemoTests.m; sourceTree = "<group>"; };
		69C7FC391C913C49004ABDB9 /* Info.plist */ = {isa = PBXFileReference; lastKnownFileType = text.plist.xml; path = Info.plist; sourceTree = "<group>"; };
		69C7FC3E1C913C49004ABDB9 /* VCTransationDemoUITests.xctest */ = {isa = PBXFileReference; explicitFileType = wrapper.cfbundle; includeInIndex = 0; path = VCTransationDemoUITests.xctest; sourceTree = BUILT_PRODUCTS_DIR; };
		69C7FC421C913C49004ABDB9 /* VCTransationDemoUITests.m */ = {isa = PBXFileReference; lastKnownFileType = sourcecode.c.objc; path = VCTransationDemoUITests.m; sourceTree = "<group>"; };
		69C7FC441C913C49004ABDB9 /* Info.plist */ = {isa = PBXFileReference; lastKnownFileType = text.plist.xml; path = Info.plist; sourceTree = "<group>"; };
		69C7FC501C913C75004ABDB9 /* MainViewController.h */ = {isa = PBXFileReference; fileEncoding = 4; lastKnownFileType = sourcecode.c.h; path = MainViewController.h; sourceTree = "<group>"; };
		69C7FC511C913C75004ABDB9 /* MainViewController.m */ = {isa = PBXFileReference; fileEncoding = 4; lastKnownFileType = sourcecode.c.objc; path = MainViewController.m; sourceTree = "<group>"; };
		69C7FC531C913C8C004ABDB9 /* ModelViewController.h */ = {isa = PBXFileReference; fileEncoding = 4; lastKnownFileType = sourcecode.c.h; path = ModelViewController.h; sourceTree = "<group>"; };
		69C7FC541C913C8C004ABDB9 /* ModelViewController.m */ = {isa = PBXFileReference; fileEncoding = 4; lastKnownFileType = sourcecode.c.objc; path = ModelViewController.m; sourceTree = "<group>"; };
		69C7FC561C913F4B004ABDB9 /* BouncePresentAnimation.h */ = {isa = PBXFileReference; fileEncoding = 4; lastKnownFileType = sourcecode.c.h; path = BouncePresentAnimation.h; sourceTree = "<group>"; };
		69C7FC571C913F4B004ABDB9 /* BouncePresentAnimation.m */ = {isa = PBXFileReference; fileEncoding = 4; lastKnownFileType = sourcecode.c.objc; path = BouncePresentAnimation.m; sourceTree = "<group>"; };
		69C7FC581C913F4B004ABDB9 /* NormalDismissAnimation.h */ = {isa = PBXFileReference; fileEncoding = 4; lastKnownFileType = sourcecode.c.h; path = NormalDismissAnimation.h; sourceTree = "<group>"; };
		69C7FC591C913F4B004ABDB9 /* NormalDismissAnimation.m */ = {isa = PBXFileReference; fileEncoding = 4; lastKnownFileType = sourcecode.c.objc; path = NormalDismissAnimation.m; sourceTree = "<group>"; };
		69C7FC5C1C91403D004ABDB9 /* UIKit.framework */ = {isa = PBXFileReference; lastKnownFileType = wrapper.framework; name = UIKit.framework; path = System/Library/Frameworks/UIKit.framework; sourceTree = SDKROOT; };
/* End PBXFileReference section */

/* Begin PBXFrameworksBuildPhase section */
		69C7FC171C913C49004ABDB9 /* Frameworks */ = {
			isa = PBXFrameworksBuildPhase;
			buildActionMask = 2147483647;
			files = (
				69C7FC5D1C91403D004ABDB9 /* UIKit.framework in Frameworks */,
			);
			runOnlyForDeploymentPostprocessing = 0;
		};
		69C7FC301C913C49004ABDB9 /* Frameworks */ = {
			isa = PBXFrameworksBuildPhase;
			buildActionMask = 2147483647;
			files = (
			);
			runOnlyForDeploymentPostprocessing = 0;
		};
		69C7FC3B1C913C49004ABDB9 /* Frameworks */ = {
			isa = PBXFrameworksBuildPhase;
			buildActionMask = 2147483647;
			files = (
			);
			runOnlyForDeploymentPostprocessing = 0;
		};
/* End PBXFrameworksBuildPhase section */

/* Begin PBXGroup section */
		69C7FC111C913C49004ABDB9 = {
			isa = PBXGroup;
			children = (
				69C7FC5C1C91403D004ABDB9 /* UIKit.framework */,
				69C7FC1C1C913C49004ABDB9 /* VCTransationDemo */,
				69C7FC361C913C49004ABDB9 /* VCTransationDemoTests */,
				69C7FC411C913C49004ABDB9 /* VCTransationDemoUITests */,
				69C7FC1B1C913C49004ABDB9 /* Products */,
			);
			sourceTree = "<group>";
		};
		69C7FC1B1C913C49004ABDB9 /* Products */ = {
			isa = PBXGroup;
			children = (
				69C7FC1A1C913C49004ABDB9 /* VCTransationDemo.app */,
				69C7FC331C913C49004ABDB9 /* VCTransationDemoTests.xctest */,
				69C7FC3E1C913C49004ABDB9 /* VCTransationDemoUITests.xctest */,
			);
			name = Products;
			sourceTree = "<group>";
		};
		69C7FC1C1C913C49004ABDB9 /* VCTransationDemo */ = {
			isa = PBXGroup;
			children = (
				69C7FC561C913F4B004ABDB9 /* BouncePresentAnimation.h */,
				69C7FC571C913F4B004ABDB9 /* BouncePresentAnimation.m */,
				69C7FC581C913F4B004ABDB9 /* NormalDismissAnimation.h */,
				69C7FC591C913F4B004ABDB9 /* NormalDismissAnimation.m */,
				69C7FC201C913C49004ABDB9 /* AppDelegate.h */,
				69C7FC211C913C49004ABDB9 /* AppDelegate.m */,
				69C7FC261C913C49004ABDB9 /* Main.storyboard */,
				69C7FC291C913C49004ABDB9 /* Assets.xcassets */,
				69C7FC2B1C913C49004ABDB9 /* LaunchScreen.storyboard */,
				69C7FC2E1C913C49004ABDB9 /* Info.plist */,
				69C7FC1D1C913C49004ABDB9 /* Supporting Files */,
				69C7FC501C913C75004ABDB9 /* MainViewController.h */,
				69C7FC511C913C75004ABDB9 /* MainViewController.m */,
				69C7FC531C913C8C004ABDB9 /* ModelViewController.h */,
				69C7FC541C913C8C004ABDB9 /* ModelViewController.m */,
			);
			path = VCTransationDemo;
			sourceTree = "<group>";
		};
		69C7FC1D1C913C49004ABDB9 /* Supporting Files */ = {
			isa = PBXGroup;
			children = (
				69C7FC1E1C913C49004ABDB9 /* main.m */,
			);
			name = "Supporting Files";
			sourceTree = "<group>";
		};
		69C7FC361C913C49004ABDB9 /* VCTransationDemoTests */ = {
			isa = PBXGroup;
			children = (
				69C7FC371C913C49004ABDB9 /* VCTransationDemoTests.m */,
				69C7FC391C913C49004ABDB9 /* Info.plist */,
			);
			path = VCTransationDemoTests;
			sourceTree = "<group>";
		};
		69C7FC411C913C49004ABDB9 /* VCTransationDemoUITests */ = {
			isa = PBXGroup;
			children = (
				69C7FC421C913C49004ABDB9 /* VCTransationDemoUITests.m */,
				69C7FC441C913C49004ABDB9 /* Info.plist */,
			);
			path = VCTransationDemoUITests;
			sourceTree = "<group>";
		};
/* End PBXGroup section */

/* Begin PBXNativeTarget section */
		69C7FC191C913C49004ABDB9 /* VCTransationDemo */ = {
			isa = PBXNativeTarget;
			buildConfigurationList = 69C7FC471C913C49004ABDB9 /* Build configuration list for PBXNativeTarget "VCTransationDemo" */;
			buildPhases = (
				69C7FC161C913C49004ABDB9 /* Sources */,
				69C7FC171C913C49004ABDB9 /* Frameworks */,
				69C7FC181C913C49004ABDB9 /* Resources */,
			);
			buildRules = (
			);
			dependencies = (
			);
			name = VCTransationDemo;
			productName = VCTransationDemo;
			productReference = 69C7FC1A1C913C49004ABDB9 /* VCTransationDemo.app */;
			productType = "com.apple.product-type.application";
		};
		69C7FC321C913C49004ABDB9 /* VCTransationDemoTests */ = {
			isa = PBXNativeTarget;
			buildConfigurationList = 69C7FC4A1C913C49004ABDB9 /* Build configuration list for PBXNativeTarget "VCTransationDemoTests" */;
			buildPhases = (
				69C7FC2F1C913C49004ABDB9 /* Sources */,
				69C7FC301C913C49004ABDB9 /* Frameworks */,
				69C7FC311C913C49004ABDB9 /* Resources */,
			);
			buildRules = (
			);
			dependencies = (
				69C7FC351C913C49004ABDB9 /* PBXTargetDependency */,
			);
			name = VCTransationDemoTests;
			productName = VCTransationDemoTests;
			productReference = 69C7FC331C913C49004ABDB9 /* VCTransationDemoTests.xctest */;
			productType = "com.apple.product-type.bundle.unit-test";
		};
		69C7FC3D1C913C49004ABDB9 /* VCTransationDemoUITests */ = {
			isa = PBXNativeTarget;
			buildConfigurationList = 69C7FC4D1C913C49004ABDB9 /* Build configuration list for PBXNativeTarget "VCTransationDemoUITests" */;
			buildPhases = (
				69C7FC3A1C913C49004ABDB9 /* Sources */,
				69C7FC3B1C913C49004ABDB9 /* Frameworks */,
				69C7FC3C1C913C49004ABDB9 /* Resources */,
			);
			buildRules = (
			);
			dependencies = (
				69C7FC401C913C49004ABDB9 /* PBXTargetDependency */,
			);
			name = VCTransationDemoUITests;
			productName = VCTransationDemoUITests;
			productReference = 69C7FC3E1C913C49004ABDB9 /* VCTransationDemoUITests.xctest */;
			productType = "com.apple.product-type.bundle.ui-testing";
		};
/* End PBXNativeTarget section */

/* Begin PBXProject section */
		69C7FC121C913C49004ABDB9 /* Project object */ = {
			isa = PBXProject;
			attributes = {
				LastUpgradeCheck = 0720;
				ORGANIZATIONNAME = quyanhuiqu;
				TargetAttributes = {
					69C7FC191C913C49004ABDB9 = {
						CreatedOnToolsVersion = 7.2.1;
					};
					69C7FC321C913C49004ABDB9 = {
						CreatedOnToolsVersion = 7.2.1;
						TestTargetID = 69C7FC191C913C49004ABDB9;
					};
					69C7FC3D1C913C49004ABDB9 = {
						CreatedOnToolsVersion = 7.2.1;
						TestTargetID = 69C7FC191C913C49004ABDB9;
					};
				};
			};
			buildConfigurationList = 69C7FC151C913C49004ABDB9 /* Build configuration list for PBXProject "VCTransationDemo" */;
			compatibilityVersion = "Xcode 3.2";
			developmentRegion = English;
			hasScannedForEncodings = 0;
			knownRegions = (
				en,
				Base,
			);
			mainGroup = 69C7FC111C913C49004ABDB9;
			productRefGroup = 69C7FC1B1C913C49004ABDB9 /* Products */;
			projectDirPath = "";
			projectRoot = "";
			targets = (
				69C7FC191C913C49004ABDB9 /* VCTransationDemo */,
				69C7FC321C913C49004ABDB9 /* VCTransationDemoTests */,
				69C7FC3D1C913C49004ABDB9 /* VCTransationDemoUITests */,
			);
		};
/* End PBXProject section */

/* Begin PBXResourcesBuildPhase section */
		69C7FC181C913C49004ABDB9 /* Resources */ = {
			isa = PBXResourcesBuildPhase;
			buildActionMask = 2147483647;
			files = (
				69C7FC2D1C913C49004ABDB9 /* LaunchScreen.storyboard in Resources */,
				69C7FC2A1C913C49004ABDB9 /* Assets.xcassets in Resources */,
				69C7FC281C913C49004ABDB9 /* Main.storyboard in Resources */,
			);
			runOnlyForDeploymentPostprocessing = 0;
		};
		69C7FC311C913C49004ABDB9 /* Resources */ = {
			isa = PBXResourcesBuildPhase;
			buildActionMask = 2147483647;
			files = (
			);
			runOnlyForDeploymentPostprocessing = 0;
		};
		69C7FC3C1C913C49004ABDB9 /* Resources */ = {
			isa = PBXResourcesBuildPhase;
			buildActionMask = 2147483647;
			files = (
			);
			runOnlyForDeploymentPostprocessing = 0;
		};
/* End PBXResourcesBuildPhase section */

/* Begin PBXSourcesBuildPhase section */
		69C7FC161C913C49004ABDB9 /* Sources */ = {
			isa = PBXSourcesBuildPhase;
			buildActionMask = 2147483647;
			files = (
				69C7FC5B1C913F4B004ABDB9 /* NormalDismissAnimation.m in Sources */,
				69C7FC5A1C913F4B004ABDB9 /* BouncePresentAnimation.m in Sources */,
				69C7FC551C913C8C004ABDB9 /* ModelViewController.m in Sources */,
				69C7FC221C913C49004ABDB9 /* AppDelegate.m in Sources */,
				69C7FC521C913C75004ABDB9 /* MainViewController.m in Sources */,
				69C7FC1F1C913C49004ABDB9 /* main.m in Sources */,
			);
			runOnlyForDeploymentPostprocessing = 0;
		};
		69C7FC2F1C913C49004ABDB9 /* Sources */ = {
			isa = PBXSourcesBuildPhase;
			buildActionMask = 2147483647;
			files = (
				69C7FC381C913C49004ABDB9 /* VCTransationDemoTests.m in Sources */,
			);
			runOnlyForDeploymentPostprocessing = 0;
		};
		69C7FC3A1C913C49004ABDB9 /* Sources */ = {
			isa = PBXSourcesBuildPhase;
			buildActionMask = 2147483647;
			files = (
				69C7FC431C913C49004ABDB9 /* VCTransationDemoUITests.m in Sources */,
			);
			runOnlyForDeploymentPostprocessing = 0;
		};
/* End PBXSourcesBuildPhase section */

/* Begin PBXTargetDependency section */
		69C7FC351C913C49004ABDB9 /* PBXTargetDependency */ = {
			isa = PBXTargetDependency;
			target = 69C7FC191C913C49004ABDB9 /* VCTransationDemo */;
			targetProxy = 69C7FC341C913C49004ABDB9 /* PBXContainerItemProxy */;
		};
		69C7FC401C913C49004ABDB9 /* PBXTargetDependency */ = {
			isa = PBXTargetDependency;
			target = 69C7FC191C913C49004ABDB9 /* VCTransationDemo */;
			targetProxy = 69C7FC3F1C913C49004ABDB9 /* PBXContainerItemProxy */;
		};
/* End PBXTargetDependency section */

/* Begin PBXVariantGroup section */
		69C7FC261C913C49004ABDB9 /* Main.storyboard */ = {
			isa = PBXVariantGroup;
			children = (
				69C7FC271C913C49004ABDB9 /* Base */,
			);
			name = Main.storyboard;
			sourceTree = "<group>";
		};
		69C7FC2B1C913C49004ABDB9 /* LaunchScreen.storyboard */ = {
			isa = PBXVariantGroup;
			children = (
				69C7FC2C1C913C49004ABDB9 /* Base */,
			);
			name = LaunchScreen.storyboard;
			sourceTree = "<group>";
		};
/* End PBXVariantGroup section */

/* Begin XCBuildConfiguration section */
		69C7FC451C913C49004ABDB9 /* Debug */ = {
			isa = XCBuildConfiguration;
			buildSettings = {
				ALWAYS_SEARCH_USER_PATHS = NO;
				CLANG_CXX_LANGUAGE_STANDARD = "gnu++0x";
				CLANG_CXX_LIBRARY = "libc++";
				CLANG_ENABLE_MODULES = YES;
				CLANG_ENABLE_OBJC_ARC = YES;
				CLANG_WARN_BOOL_CONVERSION = YES;
				CLANG_WARN_CONSTANT_CONVERSION = YES;
				CLANG_WARN_DIRECT_OBJC_ISA_USAGE = YES_ERROR;
				CLANG_WARN_EMPTY_BODY = YES;
				CLANG_WARN_ENUM_CONVERSION = YES;
				CLANG_WARN_INT_CONVERSION = YES;
				CLANG_WARN_OBJC_ROOT_CLASS = YES_ERROR;
				CLANG_WARN_UNREACHABLE_CODE = YES;
				CLANG_WARN__DUPLICATE_METHOD_MATCH = YES;
				"CODE_SIGN_IDENTITY[sdk=iphoneos*]" = "iPhone Developer";
				COPY_PHASE_STRIP = NO;
				DEBUG_INFORMATION_FORMAT = dwarf;
				ENABLE_STRICT_OBJC_MSGSEND = YES;
				ENABLE_TESTABILITY = YES;
				GCC_C_LANGUAGE_STANDARD = gnu99;
				GCC_DYNAMIC_NO_PIC = NO;
				GCC_NO_COMMON_BLOCKS = YES;
				GCC_OPTIMIZATION_LEVEL = 0;
				GCC_PREPROCESSOR_DEFINITIONS = (
					"DEBUG=1",
					"$(inherited)",
				);
				GCC_WARN_64_TO_32_BIT_CONVERSION = YES;
				GCC_WARN_ABOUT_RETURN_TYPE = YES_ERROR;
				GCC_WARN_UNDECLARED_SELECTOR = YES;
				GCC_WARN_UNINITIALIZED_AUTOS = YES_AGGRESSIVE;
				GCC_WARN_UNUSED_FUNCTION = YES;
				GCC_WARN_UNUSED_VARIABLE = YES;
				IPHONEOS_DEPLOYMENT_TARGET = 9.2;
				MTL_ENABLE_DEBUG_INFO = YES;
				ONLY_ACTIVE_ARCH = YES;
				SDKROOT = iphoneos;
				TARGETED_DEVICE_FAMILY = "1,2";
			};
			name = Debug;
		};
		69C7FC461C913C49004ABDB9 /* Release */ = {
			isa = XCBuildConfiguration;
			buildSettings = {
				ALWAYS_SEARCH_USER_PATHS = NO;
				CLANG_CXX_LANGUAGE_STANDARD = "gnu++0x";
				CLANG_CXX_LIBRARY = "libc++";
				CLANG_ENABLE_MODULES = YES;
				CLANG_ENABLE_OBJC_ARC = YES;
				CLANG_WARN_BOOL_CONVERSION = YES;
				CLANG_WARN_CONSTANT_CONVERSION = YES;
				CLANG_WARN_DIRECT_OBJC_ISA_USAGE = YES_ERROR;
				CLANG_WARN_EMPTY_BODY = YES;
				CLANG_WARN_ENUM_CONVERSION = YES;
				CLANG_WARN_INT_CONVERSION = YES;
				CLANG_WARN_OBJC_ROOT_CLASS = YES_ERROR;
				CLANG_WARN_UNREACHABLE_CODE = YES;
				CLANG_WARN__DUPLICATE_METHOD_MATCH = YES;
				"CODE_SIGN_IDENTITY[sdk=iphoneos*]" = "iPhone Developer";
				COPY_PHASE_STRIP = NO;
				DEBUG_INFORMATION_FORMAT = "dwarf-with-dsym";
				ENABLE_NS_ASSERTIONS = NO;
				ENABLE_STRICT_OBJC_MSGSEND = YES;
				GCC_C_LANGUAGE_STANDARD = gnu99;
				GCC_NO_COMMON_BLOCKS = YES;
				GCC_WARN_64_TO_32_BIT_CONVERSION = YES;
				GCC_WARN_ABOUT_RETURN_TYPE = YES_ERROR;
				GCC_WARN_UNDECLARED_SELECTOR = YES;
				GCC_WARN_UNINITIALIZED_AUTOS = YES_AGGRESSIVE;
				GCC_WARN_UNUSED_FUNCTION = YES;
				GCC_WARN_UNUSED_VARIABLE = YES;
				IPHONEOS_DEPLOYMENT_TARGET = 9.2;
				MTL_ENABLE_DEBUG_INFO = NO;
				SDKROOT = iphoneos;
				TARGETED_DEVICE_FAMILY = "1,2";
				VALIDATE_PRODUCT = YES;
			};
			name = Release;
		};
		69C7FC481C913C49004ABDB9 /* Debug */ = {
			isa = XCBuildConfiguration;
			buildSettings = {
				ASSETCATALOG_COMPILER_APPICON_NAME = AppIcon;
				INFOPLIST_FILE = VCTransationDemo/Info.plist;
				LD_RUNPATH_SEARCH_PATHS = "$(inherited) @executable_path/Frameworks";
				PRODUCT_BUNDLE_IDENTIFIER = gome.VCTransationDemo;
				PRODUCT_NAME = "$(TARGET_NAME)";
			};
			name = Debug;
		};
		69C7FC491C913C49004ABDB9 /* Release */ = {
			isa = XCBuildConfiguration;
			buildSettings = {
				ASSETCATALOG_COMPILER_APPICON_NAME = AppIcon;
				INFOPLIST_FILE = VCTransationDemo/Info.plist;
				LD_RUNPATH_SEARCH_PATHS = "$(inherited) @executable_path/Frameworks";
				PRODUCT_BUNDLE_IDENTIFIER = gome.VCTransationDemo;
				PRODUCT_NAME = "$(TARGET_NAME)";
			};
			name = Release;
		};
		69C7FC4B1C913C49004ABDB9 /* Debug */ = {
			isa = XCBuildConfiguration;
			buildSettings = {
				BUNDLE_LOADER = "$(TEST_HOST)";
				INFOPLIST_FILE = VCTransationDemoTests/Info.plist;
				LD_RUNPATH_SEARCH_PATHS = "$(inherited) @executable_path/Frameworks @loader_path/Frameworks";
				PRODUCT_BUNDLE_IDENTIFIER = gome.VCTransationDemoTests;
				PRODUCT_NAME = "$(TARGET_NAME)";
				TEST_HOST = "$(BUILT_PRODUCTS_DIR)/VCTransationDemo.app/VCTransationDemo";
			};
			name = Debug;
		};
		69C7FC4C1C913C49004ABDB9 /* Release */ = {
			isa = XCBuildConfiguration;
			buildSettings = {
				BUNDLE_LOADER = "$(TEST_HOST)";
				INFOPLIST_FILE = VCTransationDemoTests/Info.plist;
				LD_RUNPATH_SEARCH_PATHS = "$(inherited) @executable_path/Frameworks @loader_path/Frameworks";
				PRODUCT_BUNDLE_IDENTIFIER = gome.VCTransationDemoTests;
				PRODUCT_NAME = "$(TARGET_NAME)";
				TEST_HOST = "$(BUILT_PRODUCTS_DIR)/VCTransationDemo.app/VCTransationDemo";
			};
			name = Release;
		};
		69C7FC4E1C913C49004ABDB9 /* Debug */ = {
			isa = XCBuildConfiguration;
			buildSettings = {
				INFOPLIST_FILE = VCTransationDemoUITests/Info.plist;
				LD_RUNPATH_SEARCH_PATHS = "$(inherited) @executable_path/Frameworks @loader_path/Frameworks";
				PRODUCT_BUNDLE_IDENTIFIER = gome.VCTransationDemoUITests;
				PRODUCT_NAME = "$(TARGET_NAME)";
				TEST_TARGET_NAME = VCTransationDemo;
				USES_XCTRUNNER = YES;
			};
			name = Debug;
		};
		69C7FC4F1C913C49004ABDB9 /* Release */ = {
			isa = XCBuildConfiguration;
			buildSettings = {
				INFOPLIST_FILE = VCTransationDemoUITests/Info.plist;
				LD_RUNPATH_SEARCH_PATHS = "$(inherited) @executable_path/Frameworks @loader_path/Frameworks";
				PRODUCT_BUNDLE_IDENTIFIER = gome.VCTransationDemoUITests;
				PRODUCT_NAME = "$(TARGET_NAME)";
				TEST_TARGET_NAME = VCTransationDemo;
				USES_XCTRUNNER = YES;
			};
			name = Release;
		};
/* End XCBuildConfiguration section */

/* Begin XCConfigurationList section */
		69C7FC151C913C49004ABDB9 /* Build configuration list for PBXProject "VCTransationDemo" */ = {
			isa = XCConfigurationList;
			buildConfigurations = (
				69C7FC451C913C49004ABDB9 /* Debug */,
				69C7FC461C913C49004ABDB9 /* Release */,
			);
			defaultConfigurationIsVisible = 0;
			defaultConfigurationName = Release;
		};
		69C7FC471C913C49004ABDB9 /* Build configuration list for PBXNativeTarget "VCTransationDemo" */ = {
			isa = XCConfigurationList;
			buildConfigurations = (
				69C7FC481C913C49004ABDB9 /* Debug */,
				69C7FC491C913C49004ABDB9 /* Release */,
			);
			defaultConfigurationIsVisible = 0;
		};
		69C7FC4A1C913C49004ABDB9 /* Build configuration list for PBXNativeTarget "VCTransationDemoTests" */ = {
			isa = XCConfigurationList;
			buildConfigurations = (
				69C7FC4B1C913C49004ABDB9 /* Debug */,
				69C7FC4C1C913C49004ABDB9 /* Release */,
			);
			defaultConfigurationIsVisible = 0;
		};
		69C7FC4D1C913C49004ABDB9 /* Build configuration list for PBXNativeTarget "VCTransationDemoUITests" */ = {
			isa = XCConfigurationList;
			buildConfigurations = (
				69C7FC4E1C913C49004ABDB9 /* Debug */,
				69C7FC4F1C913C49004ABDB9 /* Release */,
			);
			defaultConfigurationIsVisible = 0;
		};
/* End XCConfigurationList section */
	};
	rootObject = 69C7FC121C913C49004ABDB9 /* Project object */;
}
